
Microsoft Visual Studio Solution File, Format Version 12.00
Project("{FAE04EC0-301F-11D3-BF4B-00C04F79EFBC}") = "CalculatorQuest", "CalculatorQuest.csproj", "{74DE35E5-6F38-45BB-B1E3-EC61BA3BFBFA}"
EndProject
Global
	GlobalSection(SolutionConfigurationPlatforms) = preSolution
		Debug|Any CPU = Debug|Any CPU
		Release|Any CPU = Release|Any CPU
	EndGlobalSection
	GlobalSection(ProjectConfigurationPlatforms) = postSolution
		{74DE35E5-6F38-45BB-B1E3-EC61BA3BFBFA}.Debug|Any CPU.ActiveCfg = Debug|Any CPU
		{74DE35E5-6F38-45BB-B1E3-EC61BA3BFBFA}.Debug|Any CPU.Build.0 = Debug|Any CPU
		{74DE35E5-6F38-45BB-B1E3-EC61BA3BFBFA}.Release|Any CPU.ActiveCfg = Release|Any CPU
		{74DE35E5-6F38-45BB-B1E3-EC61BA3BFBFA}.Release|Any CPU.Build.0 = Release|Any CPU
	EndGlobalSection
EndGlobal
